# This file is automatically @generated by Poetry 2.3.4 and should not be changed by hand.

[[package]]
name = "annotated-types"
version = "0.7.0"
description = "Reusable constraint types to use with typing.Annotated"
optional = false
python-versions = ">=3.8"
groups = ["main"]
files = [
    {file = "annotated_types-0.7.0-py3-none-any.whl", hash = "sha256:1f02e8b43a8fbbc3f3e0d4f0f4bfc8131bcb4eebe8849b8e5c773f3a1c582a53"},
    {file = "annotated_types-0.7.0.tar.gz", hash = "sha256:aff07c09a53a08bc8cfccb9c85b05f1aa9a2a6f23728d790723543408344ce89"},
]

[[package]]
name = "anyio"
version = "4.13.0"
description = "High-level concurrency and networking framework on top of asyncio or Trio"
optional = false
python-versions = ">=3.10"
groups = ["main"]
files = [
    {file = "anyio-4.13.0-py3-none-any.whl", hash = "sha256:08b310f9e24a9594186fd75b4f73f4a4152069e3853f1ed8bfbf58369f4ad708"},
    {file = "anyio-4.13.0.tar.gz", hash = "sha256:334b70e641fd2221c1505b3890c69882fe4a2df910cba14d97019b90b24439dc"},
]

[package.dependencies]
idna = ">=2.8"
typing_extensions = {version = ">=4.5", markers = "python_version < \"3.13\""}

[package.extras]
trio = ["trio (>=0.32.0)"]

[[package]]
name = "certifi"
version = "2026.2.25"
description = "Python package for providing Mozilla's CA Bundle."
optional = false
python-versions = ">=3.7"
groups = ["main"]
files = [
    {file = "certifi-2026.2.25-py3-none-any.whl", hash = "sha256:027692e4402ad994f1c42e52a4997a9763c646b73e4096e4d5d6db8af1d6f0fa"},
    {file = "certifi-2026.2.25.tar.gz", hash = "sha256:e887ab5cee78ea814d3472169153c2d12cd43b14bd03329a39a9c6e2e80bfba7"},
]

[[package]]
name = "greenlet"
version = "3.4.0"
description = "Lightweight in-process concurrent programming"
optional = false
python-versions = ">=3.10"
groups = ["main"]
files = [
    {file = "greenlet-3.4.0-cp310-cp310-macosx_11_0_universal2.whl", hash = "sha256:d18eae9a7fb0f499efcd146b8c9750a2e1f6e0e93b5a382b3481875354a430e6"},
    {file = "greenlet-3.4.0-cp310-cp310-manylinux_2_24_aarch64.manylinux_2_28_aarch64.whl", hash = "sha256:636d2f95c309e35f650e421c23297d5011716be15d966e6328b367c9fc513a82"},
    {file = "greenlet-3.4.0-cp310-cp310-manylinux_2_24_ppc64le.manylinux_2_28_ppc64le.whl", hash = "sha256:234582c20af9742583c3b2ddfbdbb58a756cfff803763ffaae1ac7990a9fac31"},
    {file = "greenlet-3.4.0-cp310-cp310-manylinux_2_24_s390x.manylinux_2_28_s390x.whl", hash = "sha256:ac6a5f618be581e1e0713aecec8e54093c235e5fa17d6d8eb7ffc487e2300508"},
    {file = "greenlet-3.4.0-cp310-cp310-manylinux_2_24_x86_64.manylinux_2_28_x86_64.whl", hash = "sha256:523677e69cd4711b5a014e37bc1fb3a29947c3e3a5bb6a527e1cc50312e5a398"},
    {file = "greenlet-3.4.0-cp310-cp310-manylinux_2_39_riscv64.whl", hash = "sha256:d336d46878e486de7d9458653c722875547ac8d36a1cff9ffaf4a74a3c1f62eb"},
    {file = "greenlet-3.4.0-cp310-cp310-musllinux_1_2_aarch64.whl", hash = "sha256:b45e45fe47a19051a396abb22e19e7836a59ee6c5a90f3be427343c37908d65b"},
    {file = "greenlet-3.4.0-cp310-cp310-musllinux_1_2_x86_64.whl", hash = "sha256:5434271357be07f3ad0936c312645853b7e689e679e29310e2de09a9ea6c3adf"},
    {file = "greenlet-3.4.0-cp310-cp310-win_amd64.whl", hash = "sha256:a19093fbad824ed7c0f355b5ff4214bffda5f1a7f35f29b31fcaa240cc0135ab"},
    {file = "greenlet-3.4.0-cp311-cp311-macosx_11_0_universal2.whl", hash = "sha256:805bebb4945094acbab757d34d6e1098be6de8966009ab9ca54f06ff492def58"},
    {file = "greenlet-3.4.0-cp311-cp311-manylinux_2_24_aarch64.manylinux_2_28_aarch64.whl", hash = "sha256:439fc2f12b9b512d9dfa681c5afe5f6b3232c708d13e6f02c845e0d9f4c2d8c6"},
    {file = "greenlet-3.4.0-cp311-cp311-manylinux_2_24_ppc64le.manylinux_2_28_ppc64le.whl", hash = "sha256:a70ed1cb0295bee1df57b63bf7f46b4e56a5c93709eea769c1fec1bb23a95875"},
    {file = "greenlet-3.4.0-cp311-cp311-manylinux_2_24_s390x.manylinux_2_28_s390x.whl", hash = "sha256:8c5696c42e6bb5cfb7c6ff4453789081c66b9b91f061e5e9367fa15792644e76"},
    {file = "greenlet-3.4.0-cp311-cp311-manylinux_2_24_x86_64.manylinux_2_28_x86_64.whl", hash = "sha256:c660bce1940a1acae5f51f0a064f1bc785d07ea16efcb4bc708090afc4d69e83"},
    {file = "greenlet-3.4.0-cp311-cp311-manylinux_2_39_riscv64.whl", hash = "sha256:89995ce5ddcd2896d89615116dd39b9703bfa0c07b583b85b89bf1b5d6eddf81"},
    {file = "greenlet-3.4.0-cp311-cp311-musllinux_1_2_aarch64.whl", hash = "sha256:ee407d4d1ca9dc632265aee1c8732c4a2d60adff848057cdebfe5fe94eb2c8a2"},
    {file = "greenlet-3.4.0-cp311-cp311-musllinux_1_2_x86_64.whl", hash = "sha256:956215d5e355fffa7c021d168728321fd4d31fd730ac609b1653b450f6a4bc71"},
    {file = "greenlet-3.4.0-cp311-cp311-win_amd64.whl", hash = "sha256:5cb614ace7c27571270354e9c9f696554d073f8aa9319079dcba466bbdead711"},
    {file = "greenlet-3.4.0-cp311-cp311-win_arm64.whl", hash = "sha256:04403ac74fe295a361f650818de93be11b5038a78f49ccfb64d3b1be8fbf1267"},
    {file = "greenlet-3.4.0-cp312-cp312-macosx_11_0_universal2.whl", hash = "sha256:1a54a921561dd9518d31d2d3db4d7f80e589083063ab4d3e2e950756ef809e1a"},
    {file = "greenlet-3.4.0-cp312-cp312-manylinux_2_24_aarch64.manylinux_2_28_aarch64.whl", hash = "sha256:16dec271460a9a2b154e3b1c2fa1050ce6280878430320e85e08c166772e3f97"},
    {file = "greenlet-3.4.0-cp312-cp312-manylinux_2_24_ppc64le.manylinux_2_28_ppc64le.whl", hash = "sha256:90036ce224ed6fe75508c1907a77e4540176dcf0744473627785dd519c6f9996"},
    {file = "greenlet-3.4.0-cp312-cp312-manylinux_2_24_s390x.manylinux_2_28_s390x.whl", hash = "sha256:6f0def07ec9a71d72315cf26c061aceee53b306c36ed38c35caba952ea1b319d"},
    {file = "greenlet-3.4.0-cp312-cp312-manylinux_2_24_x86_64.manylinux_2_28_x86_64.whl", hash = "sha256:a1c4f6b453006efb8310affb2d132832e9bbb4fc01ce6df6b70d810d38f1f6dc"},
    {file = "greenlet-3.4.0-cp312-cp312-manylinux_2_39_riscv64.whl", hash = "sha256:0e1254cf0cbaa17b04320c3a78575f29f3c161ef38f59c977108f19ffddaf077"},
    {file = "greenlet-3.4.0-cp312-cp312-musllinux_1_2_aarch64.whl", hash = "sha256:9b2d9a138ffa0e306d0e2b72976d2fb10b97e690d40ab36a472acaab0838e2de"},
    {file = "greenlet-3.4.0-cp312-cp312-musllinux_1_2_x86_64.whl", hash = "sha256:8424683caf46eb0eb6f626cb95e008e8cc30d0cb675bdfa48200925c79b38a08"},
    {file = "greenlet-3.4.0-cp312-cp312-win_amd64.whl", hash = "sha256:a0a53fb071531d003b075c444014ff8f8b1a9898d36bb88abd9ac7b3524648a2"},
    {file = "greenlet-3.4.0-cp312-cp312-win_arm64.whl", hash = "sha256:f38b81880ba28f232f1f675893a39cf7b6db25b31cc0a09bb50787ecf957e85e"},
    {file = "greenlet-3.4.0-cp313-cp313-macosx_11_0_universal2.whl", hash = "sha256:43748988b097f9c6f09364f260741aa73c80747f63389824435c7a50bfdfd5c1"},
    {file = "greenlet-3.4.0-cp313-cp313-manylinux_2_24_aarch64.manylinux_2_28_aarch64.whl", hash = "sha256:5566e4e2cd7a880e8c27618e3eab20f3494452d12fd5129edef7b2f7aa9a36d1"},
    {file = "greenlet-3.4.0-cp313-cp313-manylinux_2_24_ppc64le.manylinux_2_28_ppc64le.whl", hash = "sha256:1054c5a3c78e2ab599d452f23f7adafef55062a783a8e241d24f3b633ba6ff82"},
    {file = "greenlet-3.4.0-cp313-cp313-manylinux_2_24_s390x.manylinux_2_28_s390x.whl", hash = "sha256:98eedd1803353daf1cd9ef23eef23eda5a4d22f99b1f998d273a8b78b70dd47f"},
    {file = "greenlet-3.4.0-cp313-cp313-manylinux_2_24_x86_64.manylinux_2_28_x86_64.whl", hash = "sha256:f82cb6cddc27dd81c96b1506f4aa7def15070c3b2a67d4e46fd19016aacce6cf"},
    {file = "greenlet-3.4.0-cp313-cp313-manylinux_2_39_riscv64.whl", hash = "sha256:b7857e2202aae67bc5725e0c1f6403c20a8ff46094ece015e7d474f5f7020b55"},
    {file = "greenlet-3.4.0-cp313-cp313-musllinux_1_2_aarch64.whl", hash = "sha256:227a46251ecba4ff46ae742bc5ce95c91d5aceb4b02f885487aff269c127a729"},
    {file = "greenlet-3.4.0-cp313-cp313-musllinux_1_2_x86_64.whl", hash = "sha256:5b99e87be7eba788dd5b75ba1cde5639edffdec5f91fe0d734a249535ec3408c"},
    {file = "greenlet-3.4.0-cp313-cp313-win_amd64.whl", hash = "sha256:849f8bc17acd6295fcb5de8e46d55cc0e52381c56eaf50a2afd258e97bc65940"},
    {file = "greenlet-3.4.0-cp313-cp313-win_arm64.whl", hash = "sha256:9390ad88b652b1903814eaabd629ca184db15e0eeb6fe8a390bbf8b9106ae15a"},
    {file = "greenlet-3.4.0-cp314-cp314-macosx_11_0_universal2.whl", hash = "sha256:10a07aca6babdd18c16a3f4f8880acfffc2b88dfe431ad6aa5f5740759d7d75e"},
    {file = "greenlet-3.4.0-cp314-cp314-manylinux_2_24_aarch64.manylinux_2_28_aarch64.whl", hash = "sha256:076e21040b3a917d3ce4ad68fb5c3c6b32f1405616c4a57aa83120979649bd3d"},
    {file = "greenlet-3.4.0-cp314-cp314-manylinux_2_24_ppc64le.manylinux_2_28_ppc64le.whl", hash = "sha256:e82689eea4a237e530bb5cb41b180ef81fa2160e1f89422a67be7d90da67f615"},
    {file = "greenlet-3.4.0-cp314-cp314-manylinux_2_24_s390x.manylinux_2_28_s390x.whl", hash = "sha256:06c2d3b89e0c62ba50bd7adf491b14f39da9e7e701647cb7b9ff4c99bee04b19"},
    {file = "greenlet-3.4.0-cp314-cp314-manylinux_2_24_x86_64.manylinux_2_28_x86_64.whl", hash = "sha256:4df3b0b2289ec686d3c821a5fee44259c05cfe824dd5e6e12c8e5f5df23085cf"},
    {file = "greenlet-3.4.0-cp314-cp314-manylinux_2_39_riscv64.whl", hash = "sha256:070b8bac2ff3b4d9e0ff36a0d19e42103331d9737e8504747cd1e659f76297bd"},
    {file = "greenlet-3.4.0-cp314-cp314-musllinux_1_2_aarch64.whl", hash = "sha256:8bff29d586ea415688f4cec96a591fcc3bf762d046a796cdadc1fdb6e7f2d5bf"},
    {file = "greenlet-3.4.0-cp314-cp314-musllinux_1_2_x86_64.whl", hash = "sha256:8a569c2fb840c53c13a2b8967c63621fafbd1a0e015b9c82f408c33d626a2fda"},
    {file = "greenlet-3.4.0-cp314-cp314-win_amd64.whl", hash = "sha256:207ba5b97ea8b0b60eb43ffcacf26969dd83726095161d676aac03ff913ee50d"},
    {file = "greenlet-3.4.0-cp314-cp314-win_arm64.whl", hash = "sha256:f8296d4e2b92af34ebde81085a01690f26a51eb9ac09a0fcadb331eb36dbc802"},
    {file = "greenlet-3.4.0-cp314-cp314t-macosx_11_0_universal2.whl", hash = "sha256:d70012e51df2dbbccfaf63a40aaf9b40c8bed37c3e3a38751c926301ce538ece"},
    {file = "greenlet-3.4.0-cp314-cp314t-manylinux_2_24_aarch64.manylinux_2_28_aarch64.whl", hash = "sha256:a58bec0751f43068cd40cff31bb3ca02ad6000b3a51ca81367af4eb5abc480c8"},
    {file = "greenlet-3.4.0-cp314-cp314t-manylinux_2_24_ppc64le.manylinux_2_28_ppc64le.whl", hash = "sha256:05fa0803561028f4b2e3b490ee41216a842eaee11aed004cc343a996d9523aa2"},
    {file = "greenlet-3.4.0-cp314-cp314t-manylinux_2_24_s390x.manylinux_2_28_s390x.whl", hash = "sha256:c4cd56a9eb7a6444edbc19062f7b6fbc8f287c663b946e3171d899693b1c19fa"},
    {file = "greenlet-3.4.0-cp314-cp314t-manylinux_2_24_x86_64.manylinux_2_28_x86_64.whl", hash = "sha256:e60d38719cb80b3ab5e85f9f1aed4960acfde09868af6762ccb27b260d68f4ed"},
    {file = "greenlet-3.4.0-cp314-cp314t-manylinux_2_39_riscv64.whl", hash = "sha256:1f85f204c4d54134ae850d401fa435c89cd667d5ce9dc567571776b45941af72"},
    {file = "greenlet-3.4.0-cp314-cp314t-musllinux_1_2_aarch64.whl", hash = "sha256:7f50c804733b43eded05ae694691c9aa68bca7d0a867d67d4a3f514742a2d53f"},
    {file = "greenlet-3.4.0-cp314-cp314t-musllinux_1_2_x86_64.whl", hash = "sha256:2d4f0635dc4aa638cda4b2f5a07ae9a2cff9280327b581a3fcb6f317b4fbc38a"},
    {file = "greenlet-3.4.0-cp314-cp314t-win_amd64.whl", hash = "sha256:1a4a48f24681300c640f143ba7c404270e1ebbbcf34331d7104a4ff40f8ea705"},
    {file = "greenlet-3.4.0.tar.gz", hash = "sha256:f50a96b64dafd6169e595a5c56c9146ef80333e67d4476a65a9c55f400fc22ff"},
]

[package.extras]
docs = ["Sphinx", "furo"]
test = ["objgraph", "psutil", "setuptools"]

[[package]]
name = "h11"
version = "0.16.0"
description = "A pure-Python, bring-your-own-I/O implementation of HTTP/1.1"
optional = false
python-versions = ">=3.8"
groups = ["main"]
files = [
    {file = "h11-0.16.0-py3-none-any.whl", hash = "sha256:63cf8bbe7522de3bf65932fda1d9c2772064ffb3dae62d55932da54b31cb6c86"},
    {file = "h11-0.16.0.tar.gz", hash = "sha256:4e35b956cf45792e4caa5885e69fba00bdbc6ffafbfa020300e549b208ee5ff1"},
]

[[package]]
name = "httpcore"
version = "1.0.9"
description = "A minimal low-level HTTP client."
optional = false
python-versions = ">=3.8"
groups = ["main"]
files = [
    {file = "httpcore-1.0.9-py3-none-any.whl", hash = "sha256:2d400746a40668fc9dec9810239072b40b4484b640a8c38fd654a024c7a1bf55"},
    {file = "httpcore-1.0.9.tar.gz", hash = "sha256:6e34463af53fd2ab5d807f399a9b45ea31c3dfa2276f15a2c3f00afff6e176e8"},
]

[package.dependencies]
certifi = "*"
h11 = ">=0.16"

[package.extras]
asyncio = ["anyio (>=4.0,<5.0)"]
http2 = ["h2 (>=3,<5)"]
socks = ["socksio (==1.*)"]
trio = ["trio (>=0.22.0,<1.0)"]

[[package]]
name = "httpx"
version = "0.28.1"
description = "The next generation HTTP client."
optional = false
python-versions = ">=3.8"
groups = ["main"]
files = [
    {file = "httpx-0.28.1-py3-none-any.whl", hash = "sha256:d909fcccc110f8c7faf814ca82a9a4d816bc5a6dbfea25d6591d6985b8ba59ad"},
    {file = "httpx-0.28.1.tar.gz", hash = "sha256:75e98c5f16b0f35b567856f597f06ff2270a374470a5c2392242528e3e3e42fc"},
]

[package.dependencies]
anyio = "*"
certifi = "*"
httpcore = "==1.*"
idna = "*"

[package.extras]
brotli = ["brotli ; platform_python_implementation == \"CPython\"", "brotlicffi ; platform_python_implementation != \"CPython\""]
cli = ["click (==8.*)", "pygments (==2.*)", "rich (>=10,<14)"]
http2 = ["h2 (>=3,<5)"]
socks = ["socksio (==1.*)"]
zstd = ["zstandard (>=0.18.0)"]

[[package]]
name = "idna"
version = "3.11"
description = "Internationalized Domain Names in Applications (IDNA)"
optional = false
python-versions = ">=3.8"
groups = ["main"]
files = [
    {file = "idna-3.11-py3-none-any.whl", hash = "sha256:771a87f49d9defaf64091e6e6fe9c18d4833f140bd19464795bc32d966ca37ea"},
    {file = "idna-3.11.tar.gz", hash = "sha256:795dafcc9c04ed0c1fb032c2aa73654d8e8c5023a7df64a53f39190ada629902"},
]

[package.extras]
all = ["flake8 (>=7.1.1)", "mypy (>=1.11.2)", "pytest (>=8.3.2)", "ruff (>=0.6.2)"]

[[package]]
name = "ollama"
version = "0.6.1"
description = "The official Python client for Ollama."
optional = false
python-versions = ">=3.8"
groups = ["main"]
files = [
    {file = "ollama-0.6.1-py3-none-any.whl", hash = "sha256:fc4c984b345735c5486faeee67d8a265214a31cbb828167782dc642ce0a2bf8c"},
    {file = "ollama-0.6.1.tar.gz", hash = "sha256:478c67546836430034b415ed64fa890fd3d1ff91781a9d548b3325274e69d7c6"},
]

[package.dependencies]
httpx = ">=0.27"
pydantic = ">=2.9"

[[package]]
name = "playwright"
version = "1.58.0"
description = "A high-level API to automate web browsers"
optional = false
python-versions = ">=3.9"
groups = ["main"]
files = [
    {file = "playwright-1.58.0-py3-none-macosx_10_13_x86_64.whl", hash = "sha256:96e3204aac292ee639edbfdef6298b4be2ea0a55a16b7068df91adac077cc606"},
    {file = "playwright-1.58.0-py3-none-macosx_11_0_arm64.whl", hash = "sha256:70c763694739d28df71ed578b9c8202bb83e8fe8fb9268c04dd13afe36301f71"},
    {file = "playwright-1.58.0-py3-none-macosx_11_0_universal2.whl", hash = "sha256:185e0132578733d02802dfddfbbc35f42be23a45ff49ccae5081f25952238117"},
    {file = "playwright-1.58.0-py3-none-manylinux1_x86_64.whl", hash = "sha256:c95568ba1eda83812598c1dc9be60b4406dffd60b149bc1536180ad108723d6b"},
    {file = "playwright-1.58.0-py3-none-manylinux_2_17_aarch64.manylinux2014_aarch64.whl", hash = "sha256:8f9999948f1ab541d98812de25e3a8c410776aa516d948807140aff797b4bffa"},
    {file = "playwright-1.58.0-py3-none-win32.whl", hash = "sha256:1e03be090e75a0fabbdaeab65ce17c308c425d879fa48bb1d7986f96bfad0b99"},
    {file = "playwright-1.58.0-py3-none-win_amd64.whl", hash = "sha256:a2bf639d0ce33b3ba38de777e08697b0d8f3dc07ab6802e4ac53fb65e3907af8"},
    {file = "playwright-1.58.0-py3-none-win_arm64.whl", hash = "sha256:32ffe5c303901a13a0ecab91d1c3f74baf73b84f4bedbb6b935f5bc11cc98e1b"},
]

[package.dependencies]
greenlet = ">=3.1.1,<4.0.0"
pyee = ">=13,<14"

[[package]]
name = "pydantic"
version = "2.13.1"
description = "Data validation using Python type hints"
optional = false
python-versions = ">=3.9"
groups = ["main"]
files = [
    {file = "pydantic-2.13.1-py3-none-any.whl", hash = "sha256:9557ecc2806faaf6037f85b1fbd963d01e30511c48085f0d573650fdeaad378a"},
    {file = "pydantic-2.13.1.tar.gz", hash = "sha256:a0f829b279ddd1e39291133fe2539d2aa46cc6b150c1706a270ff0879e3774d2"},
]

[package.dependencies]
annotated-types = ">=0.6.0"
pydantic-core = "2.46.1"
typing-extensions = ">=4.14.1"
typing-inspection = ">=0.4.2"

[package.extras]
email = ["email-validator (>=2.0.0)"]
timezone = ["tzdata ; python_version >= \"3.9\" and platform_system == \"Windows\""]

[[package]]
name = "pydantic-core"
version = "2.46.1"
description = "Core functionality for Pydantic validation and serialization"
optional = false
python-versions = ">=3.9"
groups = ["main"]
files = [
    {file = "pydantic_core-2.46.1-cp310-cp310-macosx_10_12_x86_64.whl", hash = "sha256:84eb5414871fd0293c38d2075802f95030ff11a92cf2189942bf76fd181af77b"},
    {file = "pydantic_core-2.46.1-cp310-cp310-macosx_11_0_arm64.whl", hash = "sha256:5c75fb25db086bf504c55730442e471c12bc9bfae817dd359b1a36bc93049d34"},
    {file = "pydantic_core-2.46.1-cp310-cp310-manylinux_2_17_aarch64.manylinux2014_aarch64.whl", hash = "sha256:29dc09f0221425453fd9f73fd70bba15817d25b95858282702d7305a08d37306"},
    {file = "pydantic_core-2.46.1-cp310-cp310-manylinux_2_17_armv7l.manylinux2014_armv7l.whl", hash = "sha256:139fd6722abc5e6513aa0a27b06ebeb997838c5b179cf5e83862ace45f281c56"},
    {file = "pydantic_core-2.46.1-cp310-cp310-manylinux_2_17_ppc64le.manylinux2014_ppc64le.whl", hash = "sha256:ba723fd8ef6011af71f92ed54adb604e7699d172f4273e4b46f1cfb8ee8d72fd"},
    {file = "pydantic_core-2.46.1-cp310-cp310-manylinux_2_17_s390x.manylinux2014_s390x.whl", hash = "sha256:828410e082555e55da9bbb5e6c17617386fe1415c4d42765a90d372ed9cce813"},
    {file = "pydantic_core-2.46.1-cp310-cp310-manylinux_2_17_x86_64.manylinux2014_x86_64.whl", hash = "sha256:fb5cd53264c9906c163a71b489e9ac71b0ae13a2dd0241e6129f4df38ba1c814"},
    {file = "pydantic_core-2.46.1-cp310-cp310-manylinux_2_31_riscv64.whl", hash = "sha256:4530a6594883d9d4a9c7ef68464ef6b4a88d839e3531c089a3942c78bffe0a66"},
    {file = "pydantic_core-2.46.1-cp310-cp310-manylinux_2_5_i686.manylinux1_i686.whl", hash = "sha256:ed1c71f60abbf9c9a440dc8fc6b1180c45dcab3a5e311250de99744a0166bc95"},
    {file = "pydantic_core-2.46.1-cp310-cp310-musllinux_1_1_aarch64.whl", hash = "sha256:254253491f1b8e3ba18c15fe924bb9b175f1a48413b74e8f0c67b8f51b6f726b"},
    {file = "pydantic_core-2.46.1-cp310-cp310-musllinux_1_1_armv7l.whl", hash = "sha256:dfcf6485ac38698a5b45f37467b8eb2f4f8e3edd5790e2579c5d52fdfffb2e3d"},
    {file = "pydantic_core-2.46.1-cp310-cp310-musllinux_1_1_x86_64.whl", hash = "sha256:592b39150ab5b5a2cb2eb885097ee4c2e4d54e3b902f6ae32528f7e6e42c00fc"},
    {file = "pydantic_core-2.46.1-cp310-cp310-win32.whl", hash = "sha256:eb37b1369ad39ec046a36dc81ffd76870766bda2073f57448bbcb1fd3e4c5ad0"},
    {file = "pydantic_core-2.46.1-cp310-cp310-win_amd64.whl", hash = "sha256:c330dab8254d422880177436a5892ac6d9337afff9fe383fb1f8c6caedb685e1"},
    {file = "pydantic_core-2.46.1-cp311-cp311-macosx_10_12_x86_64.whl", hash = "sha256:f0f84431981c6ae217ebb96c3eca8212f6f5edf116f62f62cc6c7d72971f826c"},
    {file = "pydantic_core-2.46.1-cp311-cp311-macosx_11_0_arm64.whl", hash = "sha256:a05f60b36549f59ab585924410187276ec17a94bae939273a213cea252c8471e"},
    {file = "pydantic_core-2.46.1-cp311-cp311-manylinux_2_17_aarch64.manylinux2014_aarch64.whl", hash = "sha256:b2c93fd1693afdfae7b2897f7530ed3f180d9fc92ee105df3ebdff24d5061cc8"},
    {file = "pydantic_core-2.46.1-cp311-cp311-manylinux_2_17_armv7l.manylinux2014_armv7l.whl", hash = "sha256:0c19983759394c702a776f42f33df8d7bb7883aefaa44a69ba86356a9fd67367"},
    {file = "pydantic_core-2.46.1-cp311-cp311-manylinux_2_17_ppc64le.manylinux2014_ppc64le.whl", hash = "sha256:6e8debf586d7d800a718194417497db5126d4f4302885a2dff721e9df3f4851c"},
    {file = "pydantic_core-2.46.1-cp311-cp311-manylinux_2_17_s390x.manylinux2014_s390x.whl", hash = "sha256:54160da754d63da7780b76e5743d44f026b9daffc6b8c9696a756368c0a298c9"},
    {file = "pydantic_core-2.46.1-cp311-cp311-manylinux_2_17_x86_64.manylinux2014_x86_64.whl", hash = "sha256:74cee962c8b4df9a9b0bb63582e51986127ee2316f0c49143b2996f4b201bd9c"},
    {file = "pydantic_core-2.46.1-cp311-cp311-manylinux_2_31_riscv64.whl", hash = "sha256:0ba3462872a678ebe21b15bd78eff40298b43ea50c26f230ec535c00cf93ec7e"},
    {file = "pydantic_core-2.46.1-cp311-cp311-manylinux_2_5_i686.manylinux1_i686.whl", hash = "sha256:b718873a966d91514c5252775f568985401b54a220919ab22b19a6c4edd8c053"},
    {file = "pydantic_core-2.46.1-cp311-cp311-musllinux_1_1_aarch64.whl", hash = "sha256:cb1310a9fd722da8cceec1fb59875e1c86bee37f0d8a9c667220f00ee722cc8f"},
    {file = "pydantic_core-2.46.1-cp311-cp311-musllinux_1_1_armv7l.whl", hash = "sha256:98e3ede76eb4b9db8e7b5efea07a3f3315135485794a5df91e3adf56c4d573b6"},
    {file = "pydantic_core-2.46.1-cp311-cp311-musllinux_1_1_x86_64.whl", hash = "sha256:780b8f24ff286e21fd010247011a68ea902c34b1eee7d775b598bc28f5f28ab6"},
    {file = "pydantic_core-2.46.1-cp311-cp311-win32.whl", hash = "sha256:1d452f4cad0f39a94414ca68cda7cc55ff4c3801b5ab0bc99818284a3d39f889"},
    {file = "pydantic_core-2.46.1-cp311-cp311-win_amd64.whl", hash = "sha256:f463fd6a67138d70200d2627676e9efbb0cee26d98a5d3042a35aa20f95ec129"},
    {file = "pydantic_core-2.46.1-cp311-cp311-win_arm64.whl", hash = "sha256:155aec0a117140e86775eec113b574c1c299358bfd99467b2ea7b2ea26db2614"},
    {file = "pydantic_core-2.46.1-cp312-cp312-macosx_10_12_x86_64.whl", hash = "sha256:ae8c8c5eb4c796944f3166f2f0dab6c761c2c2cc5bd20e5f692128be8600b9a4"},
    {file = "pydantic_core-2.46.1-cp312-cp312-macosx_11_0_arm64.whl", hash = "sha256:daba6f5f5b986aa0682623a1a4f8d1ecb0ec00ce09cfa9ca71a3b742bc383e3a"},
    {file = "pydantic_core-2.46.1-cp312-cp312-manylinux_2_17_aarch64.manylinux2014_aarch64.whl", hash = "sha256:0265f3a2460539ecc97817a80c7a23c458dd84191229b655522a2674f701f14e"},
    {file = "pydantic_core-2.46.1-cp312-cp312-manylinux_2_17_armv7l.manylinux2014_armv7l.whl", hash = "sha256:bb16c0156c4b4e94aa3719138cc43c53d30ff21126b6a3af63786dcc0757b56e"},
    {file = "pydantic_core-2.46.1-cp312-cp312-manylinux_2_17_ppc64le.manylinux2014_ppc64le.whl", hash = "sha256:1b42d80fad8e4b283e1e4138f1142f0d038c46d137aad2f9824ad9086080dd41"},
    {file = "pydantic_core-2.46.1-cp312-cp312-manylinux_2_17_s390x.manylinux2014_s390x.whl", hash = "sha256:9cced85896d5b795293bc36b7e2fb0347a36c828551b50cbba510510d928548c"},
    {file = "pydantic_core-2.46.1-cp312-cp312-manylinux_2_17_x86_64.manylinux2014_x86_64.whl", hash = "sha256:a641cb1e74b44c418adaf9f5f450670dbec53511f030d8cde8d8accb66edc363"},
    {file = "pydantic_core-2.46.1-cp312-cp312-manylinux_2_31_riscv64.whl", hash = "sha256:191e7a122ab14eb12415fe3f92610fc06c7f1d2b4b9101d24d490d447ac92506"},
    {file = "pydantic_core-2.46.1-cp312-cp312-manylinux_2_5_i686.manylinux1_i686.whl", hash = "sha256:4fe4ff660f7938b5d92f21529ce331b011aa35e481ab64b7cd03f52384e544bb"},
    {file = "pydantic_core-2.46.1-cp312-cp312-musllinux_1_1_aarch64.whl", hash = "sha256:18fcea085b3adc3868d8d19606da52d7a52d8bccd8e28652b0778dbe5e6a6660"},
    {file = "pydantic_core-2.46.1-cp312-cp312-musllinux_1_1_armv7l.whl", hash = "sha256:e8e589e7c9466e022d79e13c5764c2239b2e5a7993ba727822b021234f89b56b"},
    {file = "pydantic_core-2.46.1-cp312-cp312-musllinux_1_1_x86_64.whl", hash = "sha256:f78eb3d4027963bdc9baccd177f02a98bf8714bc51fe17153d8b51218918b5bc"},
    {file = "pydantic_core-2.46.1-cp312-cp312-win32.whl", hash = "sha256:54fe30c20cab03844dc63bdc6ddca67f74a2eb8482df69c1e5f68396856241be"},
    {file = "pydantic_core-2.46.1-cp312-cp312-win_amd64.whl", hash = "sha256:aea4e22ed4c53f2774221435e39969a54d2e783f4aee902cdd6c8011415de893"},
    {file = "pydantic_core-2.46.1-cp312-cp312-win_arm64.whl", hash = "sha256:f76fb49c34b4d66aa6e552ce9e852ea97a3a06301a9f01ae82f23e449e3a55f8"},
    {file = "pydantic_core-2.46.1-cp313-cp313-macosx_10_12_x86_64.whl", hash = "sha256:cdc8a5762a9c4b9d86e204d555444e3227507c92daba06259ee66595834de47a"},
    {file = "pydantic_core-2.46.1-cp313-cp313-macosx_11_0_arm64.whl", hash = "sha256:ba381dfe9c85692c566ecb60fa5a77a697a2a8eebe274ec5e4d6ec15fafad799"},
    {file = "pydantic_core-2.46.1-cp313-cp313-manylinux_2_17_aarch64.manylinux2014_aarch64.whl", hash = "sha256:1593d8de98207466dc070118322fef68307a0cc6a5625e7b386f6fdae57f9ab6"},
    {file = "pydantic_core-2.46.1-cp313-cp313-manylinux_2_17_armv7l.manylinux2014_armv7l.whl", hash = "sha256:8262c74a1af5b0fdf795f5537f7145785a63f9fbf9e15405f547440c30017ed8"},
    {file = "pydantic_core-2.46.1-cp313-cp313-manylinux_2_17_ppc64le.manylinux2014_ppc64le.whl", hash = "sha256:4b88949a24182e83fbbb3f7ca9b7858d0d37b735700ea91081434b7d37b3b444"},
    {file = "pydantic_core-2.46.1-cp313-cp313-manylinux_2_17_s390x.manylinux2014_s390x.whl", hash = "sha256:b8f3708cd55537aeaf3fd0ea55df0d68d0da51dcb07cbc8508745b34acc4c6e0"},
    {file = "pydantic_core-2.46.1-cp313-cp313-manylinux_2_17_x86_64.manylinux2014_x86_64.whl", hash = "sha256:f79292435fff1d4f0c18d9cfaf214025cc88e4f5104bfaed53f173621da1c743"},
    {file = "pydantic_core-2.46.1-cp313-cp313-manylinux_2_31_riscv64.whl", hash = "sha256:a2e607aeb59cf4575bb364470288db3b9a1f0e7415d053a322e3e154c1a0802e"},
    {file = "pydantic_core-2.46.1-cp313-cp313-manylinux_2_5_i686.manylinux1_i686.whl", hash = "sha256:ec5ca190b75878a9f6ae1fc8f5eb678497934475aef3d93204c9fa01e97370b6"},
    {file = "pydantic_core-2.46.1-cp313-cp313-musllinux_1_1_aarch64.whl", hash = "sha256:1f80535259dcdd517d7b8ca588d5ca24b4f337228e583bebedf7a3adcdf5f721"},
    {file = "pydantic_core-2.46.1-cp313-cp313-musllinux_1_1_armv7l.whl", hash = "sha256:24820b3c82c43df61eca30147e42853e6c127d8b868afdc0c162df829e011eb4"},
    {file = "pydantic_core-2.46.1-cp313-cp313-musllinux_1_1_x86_64.whl", hash = "sha256:f12794b1dd8ac9fb66619e0b3a0427189f5d5638e55a3de1385121a9b7bf9b39"},
    {file = "pydantic_core-2.46.1-cp313-cp313-win32.whl", hash = "sha256:9bc09aed935cdf50f09e908923f9efbcca54e9244bd14a5a0e2a6c8d2c21b4e9"},
    {file = "pydantic_core-2.46.1-cp313-cp313-win_amd64.whl", hash = "sha256:fac2d6c8615b8b42bee14677861ba09d56ee076ba4a65cfb9c3c3d0cc89042f2"},
    {file = "pydantic_core-2.46.1-cp313-cp313-win_arm64.whl", hash = "sha256:f978329f12ace9f3cb814a5e44d98bbeced2e36f633132bafa06d2d71332e33e"},
    {file = "pydantic_core-2.46.1-cp314-cp314-macosx_10_12_x86_64.whl", hash = "sha256:9917cb61effac7ec0f448ef491ec7584526d2193be84ff981e85cbf18b68c42a"},
    {file = "pydantic_core-2.46.1-cp314-cp314-macosx_11_0_arm64.whl", hash = "sha256:0e749679ca9f8a9d0bff95fb7f6b57bb53f2207fa42ffcc1ec86de7e0029ab89"},
    {file = "pydantic_core-2.46.1-cp314-cp314-manylinux_2_17_aarch64.manylinux2014_aarch64.whl", hash = "sha256:f2ecacee70941e233a2dad23f7796a06f86cc10cc2fbd1c97c7dd5b5a79ffa4f"},
    {file = "pydantic_core-2.46.1-cp314-cp314-manylinux_2_17_armv7l.manylinux2014_armv7l.whl", hash = "sha256:647d0a2475b8ed471962eed92fa69145b864942f9c6daa10f95ac70676637ae7"},
    {file = "pydantic_core-2.46.1-cp314-cp314-manylinux_2_17_ppc64le.manylinux2014_ppc64le.whl", hash = "sha256:ac9cde61965b0697fce6e6cc372df9e1ad93734828aac36e9c1c42a22ad02897"},
    {file = "pydantic_core-2.46.1-cp314-cp314-manylinux_2_17_s390x.manylinux2014_s390x.whl", hash = "sha256:0a2eb0864085f8b641fb3f54a2fb35c58aff24b175b80bc8a945050fcde03204"},
    {file = "pydantic_core-2.46.1-cp314-cp314-manylinux_2_17_x86_64.manylinux2014_x86_64.whl", hash = "sha256:b83ce9fede4bc4fb649281d9857f06d30198b8f70168f18b987518d713111572"},
    {file = "pydantic_core-2.46.1-cp314-cp314-manylinux_2_31_riscv64.whl", hash = "sha256:cb33192753c60f269d2f4a1db8253c95b0df6e04f2989631a8cc1b0f4f6e2e92"},
    {file = "pydantic_core-2.46.1-cp314-cp314-manylinux_2_5_i686.manylinux1_i686.whl", hash = "sha256:96611d51f953f87e1ae97637c01ee596a08b7f494ea00a5afb67ea6547b9f53b"},
    {file = "pydantic_core-2.46.1-cp314-cp314-musllinux_1_1_aarch64.whl", hash = "sha256:9b176fa55f9107db5e6c86099aa5bfd934f1d3ba6a8b43f714ddeebaed3f42b7"},
    {file = "pydantic_core-2.46.1-cp314-cp314-musllinux_1_1_armv7l.whl", hash = "sha256:79a59f63a4ce4f3330e27e6f3ce281dd1099453b637350e97d7cf24c207cd120"},
    {file = "pydantic_core-2.46.1-cp314-cp314-musllinux_1_1_x86_64.whl", hash = "sha256:f200fce071808a385a314b7343f5e3688d7c45746be3d64dc71ee2d3e2a13268"},
    {file = "pydantic_core-2.46.1-cp314-cp314-win32.whl", hash = "sha256:3a07eccc0559fb9acc26d55b16bf8ebecd7f237c74a9e2c5741367db4e6d8aff"},
    {file = "pydantic_core-2.46.1-cp314-cp314-win_amd64.whl", hash = "sha256:1706d270309ac7d071ffe393988c471363705feb3d009186e55d17786ada9622"},
    {file = "pydantic_core-2.46.1-cp314-cp314-win_arm64.whl", hash = "sha256:22d4e7457ade8af06528012f382bc994a97cc2ce6e119305a70b3deff1e409d6"},
    {file = "pydantic_core-2.46.1-cp314-cp314t-macosx_10_12_x86_64.whl", hash = "sha256:607ff9db0b7e2012e7eef78465e69f9a0d7d1c3e7c6a84cf0c4011db0fcc3feb"},
    {file = "pydantic_core-2.46.1-cp314-cp314t-macosx_11_0_arm64.whl", hash = "sha256:8cda3eacaea13bd02a1bea7e457cc9fc30b91c5a91245cef9b215140f80dd78c"},
    {file = "pydantic_core-2.46.1-cp314-cp314t-manylinux_2_17_aarch64.manylinux2014_aarch64.whl", hash = "sha256:b9493279cdc7997fe19e5ed9b41f30cbc3806bd4722adb402fedb6f6d41bd72a"},
    {file = "pydantic_core-2.46.1-cp314-cp314t-manylinux_2_17_armv7l.manylinux2014_armv7l.whl", hash = "sha256:3644e5e10059999202355b6c6616e624909e23773717d8f76deb8a6e2a72328c"},
    {file = "pydantic_core-2.46.1-cp314-cp314t-manylinux_2_17_ppc64le.manylinux2014_ppc64le.whl", hash = "sha256:4ad6c9de57683e26c92730991960c0c3571b8053263b042de2d3e105930b2767"},
    {file = "pydantic_core-2.46.1-cp314-cp314t-manylinux_2_17_s390x.manylinux2014_s390x.whl", hash = "sha256:557ebaa27c7617e7088002318c679a8ce685fa048523417cd1ca52b7f516d955"},
    {file = "pydantic_core-2.46.1-cp314-cp314t-manylinux_2_17_x86_64.manylinux2014_x86_64.whl", hash = "sha256:3cd37e39b22b796ba0298fe81e9421dd7b65f97acfbb0fb19b33ffdda7b9a7b4"},
    {file = "pydantic_core-2.46.1-cp314-cp314t-manylinux_2_31_riscv64.whl", hash = "sha256:6689443b59714992e67d62505cdd2f952d6cf1c14cc9fd9aeec6719befc6f23b"},
    {file = "pydantic_core-2.46.1-cp314-cp314t-manylinux_2_5_i686.manylinux1_i686.whl", hash = "sha256:6f32c41ca1e3456b5dd691827b7c1433c12d5f0058cc186afbb3615bc07d97b8"},
    {file = "pydantic_core-2.46.1-cp314-cp314t-musllinux_1_1_aarch64.whl", hash = "sha256:88cd1355578852db83954dc36e4f58f299646916da976147c20cf6892ba5dc43"},
    {file = "pydantic_core-2.46.1-cp314-cp314t-musllinux_1_1_armv7l.whl", hash = "sha256:a170fefdb068279a473cc9d34848b85e61d68bfcc2668415b172c5dfc6f213bf"},
    {file = "pydantic_core-2.46.1-cp314-cp314t-musllinux_1_1_x86_64.whl", hash = "sha256:556a63ff1006934dba4eed7ea31b58274c227e29298ec398e4275eda4b905e95"},
    {file = "pydantic_core-2.46.1-cp314-cp314t-win32.whl", hash = "sha256:3b146d8336a995f7d7da6d36e4a779b7e7dff2719ac00a1eb8bd3ded00bec87b"},
    {file = "pydantic_core-2.46.1-cp314-cp314t-win_amd64.whl", hash = "sha256:f1bc856c958e6fe9ec071e210afe6feb695f2e2e81fd8d2b102f558d364c4c17"},
    {file = "pydantic_core-2.46.1-cp314-cp314t-win_arm64.whl", hash = "sha256:21a5bfd8a1aa4de60494cdf66b0c912b1495f26a8899896040021fbd6038d989"},
    {file = "pydantic_core-2.46.1-cp39-cp39-macosx_10_12_x86_64.whl", hash = "sha256:8509c295057f7f43a40c90e5ad9e9b5fbacee389ebee1aeda646e4ba60a136b2"},
    {file = "pydantic_core-2.46.1-cp39-cp39-macosx_11_0_arm64.whl", hash = "sha256:161f9aa1184e6998d642f840eed3142e62989deb65f80d3bb5393f1879ef409e"},
    {file = "pydantic_core-2.46.1-cp39-cp39-manylinux_2_17_aarch64.manylinux2014_aarch64.whl", hash = "sha256:22efeeccb9ff1f2f32d33cef6f6566f3be15cf7b55f182b58c3d23bd6f8095fa"},
    {file = "pydantic_core-2.46.1-cp39-cp39-manylinux_2_17_armv7l.manylinux2014_armv7l.whl", hash = "sha256:5194e7c0b28b18f066d0be82e6bb3a08355ceacd016cac142419e1efae252388"},
    {file = "pydantic_core-2.46.1-cp39-cp39-manylinux_2_17_ppc64le.manylinux2014_ppc64le.whl", hash = "sha256:104625adfb912aac8a512ec40c0a045953ad5070fb09607db280a7381d0d2258"},
    {file = "pydantic_core-2.46.1-cp39-cp39-manylinux_2_17_s390x.manylinux2014_s390x.whl", hash = "sha256:b39e1854a43cb8add63351a2a3e4091b5b0c26fd9cea90404ad8e80ae09fec19"},
    {file = "pydantic_core-2.46.1-cp39-cp39-manylinux_2_17_x86_64.manylinux2014_x86_64.whl", hash = "sha256:1dba87ac7b3b6c60a772097a12a7dbd63930100c961553bd698705ee82bef816"},
    {file = "pydantic_core-2.46.1-cp39-cp39-manylinux_2_31_riscv64.whl", hash = "sha256:89d6ff91d87ef21cab8b5989e60fde5f8b28da5b289b2f881aeab9c223207c2a"},
    {file = "pydantic_core-2.46.1-cp39-cp39-manylinux_2_5_i686.manylinux1_i686.whl", hash = "sha256:8291ef2ef63ed90ef119c2f28930c33a55b892d45868cab8aecaddb97f0de66b"},
    {file = "pydantic_core-2.46.1-cp39-cp39-musllinux_1_1_aarch64.whl", hash = "sha256:7551a20956235ca1332f195cf9399cecccf1a86e5000fa5f33f0b48ebb464327"},
    {file = "pydantic_core-2.46.1-cp39-cp39-musllinux_1_1_armv7l.whl", hash = "sha256:92fd83d0d9808ab26bc83c81c2382b6c2e7291b8e2907f32f40880b665649697"},
    {file = "pydantic_core-2.46.1-cp39-cp39-musllinux_1_1_x86_64.whl", hash = "sha256:4f1955274ab896ca54d34b66d938845beb87f7a9a109641e3a6e316cdc1a2dbf"},
    {file = "pydantic_core-2.46.1-cp39-cp39-win32.whl", hash = "sha256:ef8ced00e0a146f16f8664b1b7e7992de036148d470b6725046ac468e27ddcde"},
    {file = "pydantic_core-2.46.1-cp39-cp39-win_amd64.whl", hash = "sha256:192df1a2b5c48c4ac7d6d461a2e74dbee6de01e3012b4038b1e829634481012e"},
    {file = "pydantic_core-2.46.1-graalpy311-graalpy242_311_native-macosx_10_12_x86_64.whl", hash = "sha256:c56887c0ffa05318128a80303c95066a9d819e5e66d75ff24311d9e0a58d6930"},
    {file = "pydantic_core-2.46.1-graalpy311-graalpy242_311_native-macosx_11_0_arm64.whl", hash = "sha256:614b24b875c1072631065fa85e195b40700586afecb0b27767602007920dacf8"},
    {file = "pydantic_core-2.46.1-graalpy311-graalpy242_311_native-manylinux_2_17_aarch64.manylinux2014_aarch64.whl", hash = "sha256:a6382f6967c48519b6194e9e1e579e5898598b682556260eeaf05910400d827e"},
    {file = "pydantic_core-2.46.1-graalpy311-graalpy242_311_native-manylinux_2_17_x86_64.manylinux2014_x86_64.whl", hash = "sha256:93cb8aa6c93fb833bb53f3a2841fbea6b4dc077453cd5b30c0634af3dee69369"},
    {file = "pydantic_core-2.46.1-graalpy312-graalpy250_312_native-macosx_10_12_x86_64.whl", hash = "sha256:5f9107a24a4bc00293434dfa95cf8968751ad0dd703b26ea83a75a56f7326041"},
    {file = "pydantic_core-2.46.1-graalpy312-graalpy250_312_native-macosx_11_0_arm64.whl", hash = "sha256:2b1801ba99876984d0a03362782819238141c4d0f3f67f69093663691332fc35"},
    {file = "pydantic_core-2.46.1-graalpy312-graalpy250_312_native-manylinux_2_17_aarch64.manylinux2014_aarch64.whl", hash = "sha256:b7fd82a91a20ed6d54fa8c91e7a98255b1ff45bf09b051bfe7fe04eb411e232e"},
    {file = "pydantic_core-2.46.1-graalpy312-graalpy250_312_native-manylinux_2_17_x86_64.manylinux2014_x86_64.whl", hash = "sha256:0f135bf07c92c93def97008bc4496d16934da9efefd7204e5f22a2c92523cb1f"},
    {file = "pydantic_core-2.46.1-pp311-pypy311_pp73-macosx_10_12_x86_64.whl", hash = "sha256:b44b44537efbff2df9567cd6ba51b554d6c009260a021ab25629c81e066f1683"},
    {file = "pydantic_core-2.46.1-pp311-pypy311_pp73-macosx_11_0_arm64.whl", hash = "sha256:8f9ca3af687cc6a5c89aeaa00323222fcbceb4c3cdc78efdac86f46028160c04"},
    {file = "pydantic_core-2.46.1-pp311-pypy311_pp73-manylinux_2_17_x86_64.manylinux2014_x86_64.whl", hash = "sha256:e2678a4cbc205f00a44542dca19d15c11ccddd7440fd9df0e322e2cae55bb67a"},
    {file = "pydantic_core-2.46.1-pp311-pypy311_pp73-manylinux_2_5_i686.manylinux1_i686.whl", hash = "sha256:e5a98cbb03a8a7983b0fb954e0af5e7016587f612e6332c6a4453f413f1d1851"},
    {file = "pydantic_core-2.46.1-pp311-pypy311_pp73-musllinux_1_1_aarch64.whl", hash = "sha256:b2f098b08860bd149e090ad232f27fffb5ecf1bfd9377015445c8e17355ec2d1"},
    {file = "pydantic_core-2.46.1-pp311-pypy311_pp73-musllinux_1_1_armv7l.whl", hash = "sha256:d2623606145b55a96efdd181b015c0356804116b2f14d3c2af4832fe4f45ed5f"},
    {file = "pydantic_core-2.46.1-pp311-pypy311_pp73-musllinux_1_1_x86_64.whl", hash = "sha256:420f515c42aaec607ff720867b300235bd393abd709b26b190ceacb57a9bfc17"},
    {file = "pydantic_core-2.46.1-pp311-pypy311_pp73-win_amd64.whl", hash = "sha256:375cfdd2a1049910c82ba2ff24f948e93599a529e0fdb066d747975ca31fc663"},
    {file = "pydantic_core-2.46.1.tar.gz", hash = "sha256:d408153772d9f298098fb5d620f045bdf0f017af0d5cb6e309ef8c205540caa4"},
]

[package.dependencies]
typing-extensions = ">=4.14.1"

[[package]]
name = "pyee"
version = "13.0.1"
description = "A rough port of Node.js's EventEmitter to Python with a few tricks of its own"
optional = false
python-versions = ">=3.8"
groups = ["main"]
files = [
    {file = "pyee-13.0.1-py3-none-any.whl", hash = "sha256:af2f8fede4171ef667dfded53f96e2ed0d6e6bd7ee3bb46437f77e3b57689228"},
    {file = "pyee-13.0.1.tar.gz", hash = "sha256:0b931f7c14535667ed4c7e0d531716368715e860b988770fc7eb8578d1f67fc8"},
]

[package.dependencies]
typing-extensions = "*"

[package.extras]
dev = ["black", "build", "flake8", "flake8-black", "isort", "jupyter-console", "mkdocs", "mkdocs-include-markdown-plugin", "mkdocstrings[python]", "mypy", "pytest", "pytest-asyncio ; python_version >= \"3.4\"", "pytest-trio ; python_version >= \"3.7\"", "sphinx", "toml", "tox", "trio", "trio ; python_version > \"3.6\"", "trio-typing ; python_version > \"3.6\"", "twine", "twisted", "validate-pyproject[all]"]

[[package]]
name = "typing-extensions"
version = "4.15.0"
description = "Backported and Experimental Type Hints for Python 3.9+"
optional = false
python-versions = ">=3.9"
groups = ["main"]
files = [
    {file = "typing_extensions-4.15.0-py3-none-any.whl", hash = "sha256:f0fa19c6845758ab08074a0cfa8b7aecb71c999ca73d62883bc25cc018c4e548"},
    {file = "typing_extensions-4.15.0.tar.gz", hash = "sha256:0cea48d173cc12fa28ecabc3b837ea3cf6f38c6d1136f85cbaaf598984861466"},
]

[[package]]
name = "typing-inspection"
version = "0.4.2"
description = "Runtime typing introspection tools"
optional = false
python-versions = ">=3.9"
groups = ["main"]
files = [
    {file = "typing_inspection-0.4.2-py3-none-any.whl", hash = "sha256:4ed1cacbdc298c220f1bd249ed5287caa16f34d44ef4e9c3d0cbad5b521545e7"},
    {file = "typing_inspection-0.4.2.tar.gz", hash = "sha256:ba561c48a67c5958007083d386c3295464928b01faa735ab8547c5692e87f464"},
]

[package.dependencies]
typing-extensions = ">=4.12.0"

[metadata]
lock-version = "2.1"
python-versions = "^3.11"
content-hash = "77390590abccb40fa01965a303bb7127465b88b8734d093463fdf4791e568638"
